
Microsoft Visual Studio Solution File, Format Version 12.00
# Visual Studio Version 17
VisualStudioVersion = 17.10.35201.131
MinimumVisualStudioVersion = 10.0.40219.1
Project("{9A19103F-16F7-4668-BE54-9A1E7A4F7556}") = "Cours02_GitSyntaxe", "Cours02_GitSyntaxe\Cours02_GitSyntaxe.csproj", "{F87A60F5-E57B-4061-B921-0A8198FDB23D}"
EndProject
Project("{9A19103F-16F7-4668-BE54-9A1E7A4F7556}") = "Cours03_EntreesSorties", "Cours03_EntreesSorties\Cours03_EntreesSorties.csproj", "{65480AEC-A171-4057-A33F-0F4513179CCF}"
EndProject
Project("{9A19103F-16F7-4668-BE54-9A1E7A4F7556}") = "Cours04_BooleensIfElse", "Cours04_BooleensIfElse\Cours04_BooleensIfElse.csproj", "{8F10B137-D905-409A-B521-8DEA3A27B16C}"
EndProject
Project("{9A19103F-16F7-4668-BE54-9A1E7A4F7556}") = "Cours05_ScopeSwitch", "Cours05_ScopeSwitch\Cours05_ScopeSwitch.csproj", "{851ED712-9C21-4DCD-B0EE-312FB8407EEB}"
EndProject
Project("{9A19103F-16F7-4668-BE54-9A1E7A4F7556}") = "Cours06_ConstantesModulo", "Cours06_ConstantesModulo\Cours06_ConstantesModulo.csproj", "{EEE0E537-E20F-478F-AB31-B5D7071145C4}"
EndProject
Project("{9A19103F-16F7-4668-BE54-9A1E7A4F7556}") = "Cours10_WhileEtDoWhile", "Cours10_WhileEtDoWhile\Cours10_WhileEtDoWhile.csproj", "{4F6E65F6-CF80-4A86-9983-ED3FBC2E03CD}"
EndProject
Project("{9A19103F-16F7-4668-BE54-9A1E7A4F7556}") = "Cours11_IncrementationFor", "Cours11_IncrementationFor\Cours11_IncrementationFor.csproj", "{43D3B34E-F61F-481A-8363-E85EAF45F2DD}"
EndProject
Project("{9A19103F-16F7-4668-BE54-9A1E7A4F7556}") = "Cours12_ExerciclesBoucles", "Cours12_ExerciclesBoucles\Cours12_ExerciclesBoucles.csproj", "{C1B283CB-D90E-4D77-8DC1-8AEE871A7D60}"
EndProject
Project("{9A19103F-16F7-4668-BE54-9A1E7A4F7556}") = "Cours18_Tableaux", "Cours18_Tableaux\Cours18_Tableaux.csproj", "{36905410-B9EB-4D52-ADB1-E7878873D12F}"
EndProject
Project("{9A19103F-16F7-4668-BE54-9A1E7A4F7556}") = "Cours19_ListEt2Dimensions", "Cours19_ListEt2Dimensions\Cours19_ListEt2Dimensions.csproj", "{A20F85C9-5A41-4830-A517-333E69B1CCDA}"
EndProject
Project("{9A19103F-16F7-4668-BE54-9A1E7A4F7556}") = "Cours20_Fonctions", "Cours20_Fonctions\Cours20_Fonctions.csproj", "{DC9AB753-833C-45D6-986B-9C51A2DBE6F7}"
EndProject
Project("{FAE04EC0-301F-11D3-BF4B-00C04F79EFBC}") = "Cours21_Librairies", "Cours21_Librairies\Cours21_Librairies.csproj", "{2B211D0F-7540-428A-8EE4-60D1FFC41B8E}"
EndProject
Global
	GlobalSection(SolutionConfigurationPlatforms) = preSolution
		Debug|Any CPU = Debug|Any CPU
		Release|Any CPU = Release|Any CPU
	EndGlobalSection
	GlobalSection(ProjectConfigurationPlatforms) = postSolution
		{F87A60F5-E57B-4061-B921-0A8198FDB23D}.Debug|Any CPU.ActiveCfg = Debug|Any CPU
		{F87A60F5-E57B-4061-B921-0A8198FDB23D}.Debug|Any CPU.Build.0 = Debug|Any CPU
		{F87A60F5-E57B-4061-B921-0A8198FDB23D}.Release|Any CPU.ActiveCfg = Release|Any CPU
		{F87A60F5-E57B-4061-B921-0A8198FDB23D}.Release|Any CPU.Build.0 = Release|Any CPU
		{65480AEC-A171-4057-A33F-0F4513179CCF}.Debug|Any CPU.ActiveCfg = Debug|Any CPU
		{65480AEC-A171-4057-A33F-0F4513179CCF}.Debug|Any CPU.Build.0 = Debug|Any CPU
		{65480AEC-A171-4057-A33F-0F4513179CCF}.Release|Any CPU.ActiveCfg = Release|Any CPU
		{65480AEC-A171-4057-A33F-0F4513179CCF}.Release|Any CPU.Build.0 = Release|Any CPU
		{8F10B137-D905-409A-B521-8DEA3A27B16C}.Debug|Any CPU.ActiveCfg = Debug|Any CPU
		{8F10B137-D905-409A-B521-8DEA3A27B16C}.Debug|Any CPU.Build.0 = Debug|Any CPU
		{8F10B137-D905-409A-B521-8DEA3A27B16C}.Release|Any CPU.ActiveCfg = Release|Any CPU
		{8F10B137-D905-409A-B521-8DEA3A27B16C}.Release|Any CPU.Build.0 = Release|Any CPU
		{851ED712-9C21-4DCD-B0EE-312FB8407EEB}.Debug|Any CPU.ActiveCfg = Debug|Any CPU
		{851ED712-9C21-4DCD-B0EE-312FB8407EEB}.Debug|Any CPU.Build.0 = Debug|Any CPU
		{851ED712-9C21-4DCD-B0EE-312FB8407EEB}.Release|Any CPU.ActiveCfg = Release|Any CPU
		{851ED712-9C21-4DCD-B0EE-312FB8407EEB}.Release|Any CPU.Build.0 = Release|Any CPU
		{EEE0E537-E20F-478F-AB31-B5D7071145C4}.Debug|Any CPU.ActiveCfg = Debug|Any CPU
		{EEE0E537-E20F-478F-AB31-B5D7071145C4}.Debug|Any CPU.Build.0 = Debug|Any CPU
		{EEE0E537-E20F-478F-AB31-B5D7071145C4}.Release|Any CPU.ActiveCfg = Release|Any CPU
		{EEE0E537-E20F-478F-AB31-B5D7071145C4}.Release|Any CPU.Build.0 = Release|Any CPU
		{4F6E65F6-CF80-4A86-9983-ED3FBC2E03CD}.Debug|Any CPU.ActiveCfg = Debug|Any CPU
		{4F6E65F6-CF80-4A86-9983-ED3FBC2E03CD}.Debug|Any CPU.Build.0 = Debug|Any CPU
		{4F6E65F6-CF80-4A86-9983-ED3FBC2E03CD}.Release|Any CPU.ActiveCfg = Release|Any CPU
		{4F6E65F6-CF80-4A86-9983-ED3FBC2E03CD}.Release|Any CPU.Build.0 = Release|Any CPU
		{43D3B34E-F61F-481A-8363-E85EAF45F2DD}.Debug|Any CPU.ActiveCfg = Debug|Any CPU
		{43D3B34E-F61F-481A-8363-E85EAF45F2DD}.Debug|Any CPU.Build.0 = Debug|Any CPU
		{43D3B34E-F61F-481A-8363-E85EAF45F2DD}.Release|Any CPU.ActiveCfg = Release|Any CPU
		{43D3B34E-F61F-481A-8363-E85EAF45F2DD}.Release|Any CPU.Build.0 = Release|Any CPU
		{C1B283CB-D90E-4D77-8DC1-8AEE871A7D60}.Debug|Any CPU.ActiveCfg = Debug|Any CPU
		{C1B283CB-D90E-4D77-8DC1-8AEE871A7D60}.Debug|Any CPU.Build.0 = Debug|Any CPU
		{C1B283CB-D90E-4D77-8DC1-8AEE871A7D60}.Release|Any CPU.ActiveCfg = Release|Any CPU
		{C1B283CB-D90E-4D77-8DC1-8AEE871A7D60}.Release|Any CPU.Build.0 = Release|Any CPU
		{36905410-B9EB-4D52-ADB1-E7878873D12F}.Debug|Any CPU.ActiveCfg = Debug|Any CPU
		{36905410-B9EB-4D52-ADB1-E7878873D12F}.Debug|Any CPU.Build.0 = Debug|Any CPU
		{36905410-B9EB-4D52-ADB1-E7878873D12F}.Release|Any CPU.ActiveCfg = Release|Any CPU
		{36905410-B9EB-4D52-ADB1-E7878873D12F}.Release|Any CPU.Build.0 = Release|Any CPU
		{A20F85C9-5A41-4830-A517-333E69B1CCDA}.Debug|Any CPU.ActiveCfg = Debug|Any CPU
		{A20F85C9-5A41-4830-A517-333E69B1CCDA}.Debug|Any CPU.Build.0 = Debug|Any CPU
		{A20F85C9-5A41-4830-A517-333E69B1CCDA}.Release|Any CPU.ActiveCfg = Release|Any CPU
		{A20F85C9-5A41-4830-A517-333E69B1CCDA}.Release|Any CPU.Build.0 = Release|Any CPU
		{DC9AB753-833C-45D6-986B-9C51A2DBE6F7}.Debug|Any CPU.ActiveCfg = Debug|Any CPU
		{DC9AB753-833C-45D6-986B-9C51A2DBE6F7}.Debug|Any CPU.Build.0 = Debug|Any CPU
		{DC9AB753-833C-45D6-986B-9C51A2DBE6F7}.Release|Any CPU.ActiveCfg = Release|Any CPU
		{DC9AB753-833C-45D6-986B-9C51A2DBE6F7}.Release|Any CPU.Build.0 = Release|Any CPU
		{2B211D0F-7540-428A-8EE4-60D1FFC41B8E}.Debug|Any CPU.ActiveCfg = Debug|Any CPU
		{2B211D0F-7540-428A-8EE4-60D1FFC41B8E}.Debug|Any CPU.Build.0 = Debug|Any CPU
		{2B211D0F-7540-428A-8EE4-60D1FFC41B8E}.Release|Any CPU.ActiveCfg = Release|Any CPU
		{2B211D0F-7540-428A-8EE4-60D1FFC41B8E}.Release|Any CPU.Build.0 = Release|Any CPU
	EndGlobalSection
	GlobalSection(SolutionProperties) = preSolution
		HideSolutionNode = FALSE
	EndGlobalSection
	GlobalSection(ExtensibilityGlobals) = postSolution
		SolutionGuid = {E8C3FD35-7738-4285-9730-1798B149C470}
	EndGlobalSection
EndGlobal
